
Microsoft Visual Studio Solution File, Format Version 12.00
# Visual Studio Version 17
VisualStudioVersion = 17.6.33717.318
MinimumVisualStudioVersion = 10.0.40219.1
Project("{9A19103F-16F7-4668-BE54-9A1E7A4F7556}") = "Coding.Challenges", "Coding.Challenges.csproj", "{02FDD319-0076-4F22-8659-E23396E8706F}"
EndProject
Project("{2150E333-8FDC-42A3-9474-1A3956D46DE8}") = "Repeat.Word.Game", "Repeat.Word.Game", "{376F0A30-DF9B-4383-9357-59728C52E058}"
EndProject
Project("{2150E333-8FDC-42A3-9474-1A3956D46DE8}") = "Matching.Brackets", "Matching.Brackets", "{BF808915-A73E-4150-A82C-227E70CD5150}"
EndProject
Project("{9A19103F-16F7-4668-BE54-9A1E7A4F7556}") = "Matching.Brackets", "..\Matching.Brackets\Matching.Brackets.csproj", "{BC9A0CAD-7DD3-44FD-BC61-642A7CF8EB54}"
EndProject
Project("{9A19103F-16F7-4668-BE54-9A1E7A4F7556}") = "Repeat.Word.Game", "..\Repeat.Word.Game\Repeat.Word.Game.csproj", "{FEB0A518-595F-4F59-9E39-3ECB9548C8C8}"
EndProject
Project("{2150E333-8FDC-42A3-9474-1A3956D46DE8}") = "Find.Valid.Gas.Station", "Find.Valid.Gas.Station", "{32936F4F-72F3-48C7-9A8B-EFE44A66079A}"
EndProject
Project("{9A19103F-16F7-4668-BE54-9A1E7A4F7556}") = "Find.Valid.Gas.Station", "..\Find.Valid.Gas.Station\Find.Valid.Gas.Station.csproj", "{797AFA38-E5A7-42C7-AE40-5A247733855B}"
EndProject
Project("{2150E333-8FDC-42A3-9474-1A3956D46DE8}") = "Arrays", "Arrays", "{933D4A84-6010-42D5-BF70-F8DA04DB2EA9}"
EndProject
Project("{2150E333-8FDC-42A3-9474-1A3956D46DE8}") = "OOP", "OOP", "{D43ECE6A-D89E-4614-94EB-B9B541657524}"
EndProject
Project("{9A19103F-16F7-4668-BE54-9A1E7A4F7556}") = "Simple.Arrays", "..\Simple.Arrays\Simple.Arrays.csproj", "{E0D06290-5EC5-4A65-9328-A3427BBC21E6}"
EndProject
Project("{2150E333-8FDC-42A3-9474-1A3956D46DE8}") = "99.Problem", "99.Problem", "{6DAA7DD1-4D5C-4E05-9C3D-0C4ACFE10162}"
EndProject
Project("{9A19103F-16F7-4668-BE54-9A1E7A4F7556}") = "99.Problem", "..\99.Problem\99.Problem.csproj", "{6DDF8C59-56CF-4862-AB8B-0FC751F57588}"
EndProject
Project("{9A19103F-16F7-4668-BE54-9A1E7A4F7556}") = "Heap.Example", "..\Heap.Example\Heap.Example.csproj", "{864FC4EC-CCDB-4DAE-91A1-7CF95D6E7D8C}"
EndProject
Project("{9A19103F-16F7-4668-BE54-9A1E7A4F7556}") = "Async", "..\Async\Async.csproj", "{A448AB27-6D26-4B21-A05A-CBAA371DB272}"
EndProject
Project("{FAE04EC0-301F-11D3-BF4B-00C04F79EFBC}") = "Singleton", "..\Singleton\Singleton.csproj", "{885318E5-16DE-4DB1-A7F2-4DB1EAE3BBEF}"
EndProject
Project("{FAE04EC0-301F-11D3-BF4B-00C04F79EFBC}") = "Count.Occurrences", "..\Count.Occurrences\Count.Occurrences.csproj", "{A5E9433D-978F-4663-9710-0430BEB8D865}"
EndProject
Project("{FAE04EC0-301F-11D3-BF4B-00C04F79EFBC}") = "FindHighestAndLowestElement", "..\FindHighestAndLowestElement\FindHighestAndLowestElement.csproj", "{DE53ED5B-0469-4037-84EA-C0A708D58B5F}"
EndProject
Project("{FAE04EC0-301F-11D3-BF4B-00C04F79EFBC}") = "Bubble.Sort", "..\Bubble.Sort\Bubble.Sort.csproj", "{EC96F7D5-725E-4C0E-B029-9F56383CC5EC}"
EndProject
Global
	GlobalSection(SolutionConfigurationPlatforms) = preSolution
		Debug|Any CPU = Debug|Any CPU
		Release|Any CPU = Release|Any CPU
	EndGlobalSection
	GlobalSection(ProjectConfigurationPlatforms) = postSolution
		{02FDD319-0076-4F22-8659-E23396E8706F}.Debug|Any CPU.ActiveCfg = Debug|Any CPU
		{02FDD319-0076-4F22-8659-E23396E8706F}.Debug|Any CPU.Build.0 = Debug|Any CPU
		{02FDD319-0076-4F22-8659-E23396E8706F}.Release|Any CPU.ActiveCfg = Release|Any CPU
		{02FDD319-0076-4F22-8659-E23396E8706F}.Release|Any CPU.Build.0 = Release|Any CPU
		{BC9A0CAD-7DD3-44FD-BC61-642A7CF8EB54}.Debug|Any CPU.ActiveCfg = Debug|Any CPU
		{BC9A0CAD-7DD3-44FD-BC61-642A7CF8EB54}.Debug|Any CPU.Build.0 = Debug|Any CPU
		{BC9A0CAD-7DD3-44FD-BC61-642A7CF8EB54}.Release|Any CPU.ActiveCfg = Release|Any CPU
		{BC9A0CAD-7DD3-44FD-BC61-642A7CF8EB54}.Release|Any CPU.Build.0 = Release|Any CPU
		{FEB0A518-595F-4F59-9E39-3ECB9548C8C8}.Debug|Any CPU.ActiveCfg = Debug|Any CPU
		{FEB0A518-595F-4F59-9E39-3ECB9548C8C8}.Debug|Any CPU.Build.0 = Debug|Any CPU
		{FEB0A518-595F-4F59-9E39-3ECB9548C8C8}.Release|Any CPU.ActiveCfg = Release|Any CPU
		{FEB0A518-595F-4F59-9E39-3ECB9548C8C8}.Release|Any CPU.Build.0 = Release|Any CPU
		{797AFA38-E5A7-42C7-AE40-5A247733855B}.Debug|Any CPU.ActiveCfg = Debug|Any CPU
		{797AFA38-E5A7-42C7-AE40-5A247733855B}.Debug|Any CPU.Build.0 = Debug|Any CPU
		{797AFA38-E5A7-42C7-AE40-5A247733855B}.Release|Any CPU.ActiveCfg = Release|Any CPU
		{797AFA38-E5A7-42C7-AE40-5A247733855B}.Release|Any CPU.Build.0 = Release|Any CPU
		{E0D06290-5EC5-4A65-9328-A3427BBC21E6}.Debug|Any CPU.ActiveCfg = Debug|Any CPU
		{E0D06290-5EC5-4A65-9328-A3427BBC21E6}.Debug|Any CPU.Build.0 = Debug|Any CPU
		{E0D06290-5EC5-4A65-9328-A3427BBC21E6}.Release|Any CPU.ActiveCfg = Release|Any CPU
		{E0D06290-5EC5-4A65-9328-A3427BBC21E6}.Release|Any CPU.Build.0 = Release|Any CPU
		{6DDF8C59-56CF-4862-AB8B-0FC751F57588}.Debug|Any CPU.ActiveCfg = Debug|Any CPU
		{6DDF8C59-56CF-4862-AB8B-0FC751F57588}.Debug|Any CPU.Build.0 = Debug|Any CPU
		{6DDF8C59-56CF-4862-AB8B-0FC751F57588}.Release|Any CPU.ActiveCfg = Release|Any CPU
		{6DDF8C59-56CF-4862-AB8B-0FC751F57588}.Release|Any CPU.Build.0 = Release|Any CPU
		{864FC4EC-CCDB-4DAE-91A1-7CF95D6E7D8C}.Debug|Any CPU.ActiveCfg = Debug|Any CPU
		{864FC4EC-CCDB-4DAE-91A1-7CF95D6E7D8C}.Debug|Any CPU.Build.0 = Debug|Any CPU
		{864FC4EC-CCDB-4DAE-91A1-7CF95D6E7D8C}.Release|Any CPU.ActiveCfg = Release|Any CPU
		{864FC4EC-CCDB-4DAE-91A1-7CF95D6E7D8C}.Release|Any CPU.Build.0 = Release|Any CPU
		{A448AB27-6D26-4B21-A05A-CBAA371DB272}.Debug|Any CPU.ActiveCfg = Debug|Any CPU
		{A448AB27-6D26-4B21-A05A-CBAA371DB272}.Debug|Any CPU.Build.0 = Debug|Any CPU
		{A448AB27-6D26-4B21-A05A-CBAA371DB272}.Release|Any CPU.ActiveCfg = Release|Any CPU
		{A448AB27-6D26-4B21-A05A-CBAA371DB272}.Release|Any CPU.Build.0 = Release|Any CPU
		{885318E5-16DE-4DB1-A7F2-4DB1EAE3BBEF}.Debug|Any CPU.ActiveCfg = Debug|Any CPU
		{885318E5-16DE-4DB1-A7F2-4DB1EAE3BBEF}.Debug|Any CPU.Build.0 = Debug|Any CPU
		{885318E5-16DE-4DB1-A7F2-4DB1EAE3BBEF}.Release|Any CPU.ActiveCfg = Release|Any CPU
		{885318E5-16DE-4DB1-A7F2-4DB1EAE3BBEF}.Release|Any CPU.Build.0 = Release|Any CPU
		{A5E9433D-978F-4663-9710-0430BEB8D865}.Debug|Any CPU.ActiveCfg = Debug|Any CPU
		{A5E9433D-978F-4663-9710-0430BEB8D865}.Debug|Any CPU.Build.0 = Debug|Any CPU
		{A5E9433D-978F-4663-9710-0430BEB8D865}.Release|Any CPU.ActiveCfg = Release|Any CPU
		{A5E9433D-978F-4663-9710-0430BEB8D865}.Release|Any CPU.Build.0 = Release|Any CPU
		{DE53ED5B-0469-4037-84EA-C0A708D58B5F}.Debug|Any CPU.ActiveCfg = Debug|Any CPU
		{DE53ED5B-0469-4037-84EA-C0A708D58B5F}.Debug|Any CPU.Build.0 = Debug|Any CPU
		{DE53ED5B-0469-4037-84EA-C0A708D58B5F}.Release|Any CPU.ActiveCfg = Release|Any CPU
		{DE53ED5B-0469-4037-84EA-C0A708D58B5F}.Release|Any CPU.Build.0 = Release|Any CPU
		{EC96F7D5-725E-4C0E-B029-9F56383CC5EC}.Debug|Any CPU.ActiveCfg = Debug|Any CPU
		{EC96F7D5-725E-4C0E-B029-9F56383CC5EC}.Debug|Any CPU.Build.0 = Debug|Any CPU
		{EC96F7D5-725E-4C0E-B029-9F56383CC5EC}.Release|Any CPU.ActiveCfg = Release|Any CPU
		{EC96F7D5-725E-4C0E-B029-9F56383CC5EC}.Release|Any CPU.Build.0 = Release|Any CPU
	EndGlobalSection
	GlobalSection(SolutionProperties) = preSolution
		HideSolutionNode = FALSE
	EndGlobalSection
	GlobalSection(NestedProjects) = preSolution
		{BC9A0CAD-7DD3-44FD-BC61-642A7CF8EB54} = {BF808915-A73E-4150-A82C-227E70CD5150}
		{FEB0A518-595F-4F59-9E39-3ECB9548C8C8} = {376F0A30-DF9B-4383-9357-59728C52E058}
		{797AFA38-E5A7-42C7-AE40-5A247733855B} = {32936F4F-72F3-48C7-9A8B-EFE44A66079A}
		{E0D06290-5EC5-4A65-9328-A3427BBC21E6} = {933D4A84-6010-42D5-BF70-F8DA04DB2EA9}
		{6DDF8C59-56CF-4862-AB8B-0FC751F57588} = {6DAA7DD1-4D5C-4E05-9C3D-0C4ACFE10162}
		{864FC4EC-CCDB-4DAE-91A1-7CF95D6E7D8C} = {D43ECE6A-D89E-4614-94EB-B9B541657524}
		{A448AB27-6D26-4B21-A05A-CBAA371DB272} = {D43ECE6A-D89E-4614-94EB-B9B541657524}
		{885318E5-16DE-4DB1-A7F2-4DB1EAE3BBEF} = {D43ECE6A-D89E-4614-94EB-B9B541657524}
		{A5E9433D-978F-4663-9710-0430BEB8D865} = {933D4A84-6010-42D5-BF70-F8DA04DB2EA9}
		{DE53ED5B-0469-4037-84EA-C0A708D58B5F} = {933D4A84-6010-42D5-BF70-F8DA04DB2EA9}
		{EC96F7D5-725E-4C0E-B029-9F56383CC5EC} = {933D4A84-6010-42D5-BF70-F8DA04DB2EA9}
	EndGlobalSection
	GlobalSection(ExtensibilityGlobals) = postSolution
		SolutionGuid = {BCCC56B8-3F3A-44C1-98B9-29FF2B63632A}
	EndGlobalSection
EndGlobal
